
Microsoft Visual Studio Solution File, Format Version 12.00
# Visual Studio 15
VisualStudioVersion = 15.0.28307.168
MinimumVisualStudioVersion = 10.0.40219.1
Project("{FAE04EC0-301F-11D3-BF4B-00C04F79EFBC}") = "Laba2 TheoryOfInformation", "Laba2 TheoryOfInformation\Laba2 TheoryOfInformation.csproj", "{1631A937-0404-4C61-95E3-8019A4C76ECD}"
EndProject
Global
	GlobalSection(SolutionConfigurationPlatforms) = preSolution
		Debug|Any CPU = Debug|Any CPU
		Release|Any CPU = Release|Any CPU
	EndGlobalSection
	GlobalSection(ProjectConfigurationPlatforms) = postSolution
		{1631A937-0404-4C61-95E3-8019A4C76ECD}.Debug|Any CPU.ActiveCfg = Debug|Any CPU
		{1631A937-0404-4C61-95E3-8019A4C76ECD}.Debug|Any CPU.Build.0 = Debug|Any CPU
		{1631A937-0404-4C61-95E3-8019A4C76ECD}.Release|Any CPU.ActiveCfg = Release|Any CPU
		{1631A937-0404-4C61-95E3-8019A4C76ECD}.Release|Any CPU.Build.0 = Release|Any CPU
	EndGlobalSection
	GlobalSection(SolutionProperties) = preSolution
		HideSolutionNode = FALSE
	EndGlobalSection
	GlobalSection(ExtensibilityGlobals) = postSolution
		SolutionGuid = {65291250-FADB-4188-B8FD-9BD54FB2F6DF}
	EndGlobalSection
EndGlobal
